
Microsoft Visual Studio Solution File, Format Version 12.00
# Visual Studio Version 17
VisualStudioVersion = 17.13.35818.85
MinimumVisualStudioVersion = 10.0.40219.1
Project("{FAE04EC0-301F-11D3-BF4B-00C04F79EFBC}") = "CybersecurityChatbotGUI", "CybersecurityChatbotGUI\CybersecurityChatbotGUI.csproj", "{A1B27726-0CA5-40A8-BBF0-19856B4E454F}"
EndProject
Global
	GlobalSection(SolutionConfigurationPlatforms) = preSolution
		Debug|Any CPU = Debug|Any CPU
		Release|Any CPU = Release|Any CPU
	EndGlobalSection
	GlobalSection(ProjectConfigurationPlatforms) = postSolution
		{A1B27726-0CA5-40A8-BBF0-19856B4E454F}.Debug|Any CPU.ActiveCfg = Debug|Any CPU
		{A1B27726-0CA5-40A8-BBF0-19856B4E454F}.Debug|Any CPU.Build.0 = Debug|Any CPU
		{A1B27726-0CA5-40A8-BBF0-19856B4E454F}.Release|Any CPU.ActiveCfg = Release|Any CPU
		{A1B27726-0CA5-40A8-BBF0-19856B4E454F}.Release|Any CPU.Build.0 = Release|Any CPU
	EndGlobalSection
	GlobalSection(SolutionProperties) = preSolution
		HideSolutionNode = FALSE
	EndGlobalSection
	GlobalSection(ExtensibilityGlobals) = postSolution
		SolutionGuid = {BEF8703A-37AF-4DE5-AFA9-A54F3AD8C084}
	EndGlobalSection
EndGlobal
